
Microsoft Visual Studio Solution File, Format Version 12.00
# Visual Studio 14
VisualStudioVersion = 14.0.25420.1
MinimumVisualStudioVersion = 10.0.40219.1
Project("{FAE04EC0-301F-11D3-BF4B-00C04F79EFBC}") = "AnketV2", "AnketV2\AnketV2.csproj", "{C1813B1E-1DBD-43F3-A775-A2FB93BBB1A2}"
EndProject
Project("{FAE04EC0-301F-11D3-BF4B-00C04F79EFBC}") = "DAL", "DAL\DAL.csproj", "{29EC4050-5DC8-460C-A258-7FBA5503C7FE}"
EndProject
Project("{FAE04EC0-301F-11D3-BF4B-00C04F79EFBC}") = "Entity", "Entity\Entity.csproj", "{C8040593-9546-4CA8-B56E-ABCCAF2FFBB0}"
EndProject
Global
	GlobalSection(SolutionConfigurationPlatforms) = preSolution
		Debug|Any CPU = Debug|Any CPU
		Release|Any CPU = Release|Any CPU
	EndGlobalSection
	GlobalSection(ProjectConfigurationPlatforms) = postSolution
		{C1813B1E-1DBD-43F3-A775-A2FB93BBB1A2}.Debug|Any CPU.ActiveCfg = Debug|Any CPU
		{C1813B1E-1DBD-43F3-A775-A2FB93BBB1A2}.Debug|Any CPU.Build.0 = Debug|Any CPU
		{C1813B1E-1DBD-43F3-A775-A2FB93BBB1A2}.Release|Any CPU.ActiveCfg = Release|Any CPU
		{C1813B1E-1DBD-43F3-A775-A2FB93BBB1A2}.Release|Any CPU.Build.0 = Release|Any CPU
		{29EC4050-5DC8-460C-A258-7FBA5503C7FE}.Debug|Any CPU.ActiveCfg = Debug|Any CPU
		{29EC4050-5DC8-460C-A258-7FBA5503C7FE}.Debug|Any CPU.Build.0 = Debug|Any CPU
		{29EC4050-5DC8-460C-A258-7FBA5503C7FE}.Release|Any CPU.ActiveCfg = Release|Any CPU
		{29EC4050-5DC8-460C-A258-7FBA5503C7FE}.Release|Any CPU.Build.0 = Release|Any CPU
		{C8040593-9546-4CA8-B56E-ABCCAF2FFBB0}.Debug|Any CPU.ActiveCfg = Debug|Any CPU
		{C8040593-9546-4CA8-B56E-ABCCAF2FFBB0}.Debug|Any CPU.Build.0 = Debug|Any CPU
		{C8040593-9546-4CA8-B56E-ABCCAF2FFBB0}.Release|Any CPU.ActiveCfg = Release|Any CPU
		{C8040593-9546-4CA8-B56E-ABCCAF2FFBB0}.Release|Any CPU.Build.0 = Release|Any CPU
	EndGlobalSection
	GlobalSection(SolutionProperties) = preSolution
		HideSolutionNode = FALSE
	EndGlobalSection
EndGlobal
